{
  "name": "next-playground",
  "lockfileVersion": 2,
  "requires": true,
  "packages": {
    "": {
      "hasInstallScript": true,
      "dependencies": {
        "next": "^12.2.3-canary.12",
        "react": "^18.2.0",
        "react-dom": "^18.2.0"
      }
    },
    "node_modules/@next/env": {
      "version": "12.2.3-canary.12",
      "resolved": "https://registry.npmjs.org/@next/env/-/env-12.2.3-canary.12.tgz",
      "integrity": "sha512-BGhjTzE2pY3YYDToO2vkGNF5XT8x4Hj6i7Z575XNvpz7SnVrnDGYNDAPGfOR/+RDgC4XFb+JAIZMmZnQaWYAhA=="
    },
    "node_modules/@next/swc-android-arm-eabi": {
      "version": "12.2.3-canary.12",
      "resolved": "https://registry.npmjs.org/@next/swc-android-arm-eabi/-/swc-android-arm-eabi-12.2.3-canary.12.tgz",
      "integrity": "sha512-lX9B21hb4rmj1N/hMlHTZ4KTJinfCs86/RjCEPx89YVu0xZkgb5swBWWh550NCvalFbHDIxs3CmH5/DekwE9Jw==",
      "cpu": [
        "arm"
      ],
      "optional": true,
      "os": [
        "android"
      ],
      "engines": {
        "node": ">= 10"
      }
    },
    "node_modules/@next/swc-android-arm64": {
      "version": "12.2.3-canary.12",
      "resolved": "https://registry.npmjs.org/@next/swc-android-arm64/-/swc-android-arm64-12.2.3-canary.12.tgz",
      "integrity": "sha512-NEUV48t/3E/MfxmuZYjodgHZjjv1oiLGRfPCtG+5LfHEGjyWOHiG86nRix3F00vuSEptAqB227r53qxT2ZzIeQ==",
      "cpu": [
        "arm64"
      ],
      "optional": true,
      "os": [
        "android"
      ],
      "engines": {
        "node": ">= 10"
      }
    },
    "node_modules/@next/swc-darwin-arm64": {
      "version": "12.2.3-canary.12",
      "resolved": "https://registry.npmjs.org/@next/swc-darwin-arm64/-/swc-darwin-arm64-12.2.3-canary.12.tgz",
      "integrity": "sha512-+1q/s6SwgcQ6A/4QoiT+Z1wPG3vBw7BKTRreQn3dfljEbV6f24oMVAvSp0XdzEgFa9P9iqRX1JdkpVcVs6w8Bw==",
      "cpu": [
        "arm64"
      ],
      "optional": true,
      "os": [
        "darwin"
      ],
      "engines": {
        "node": ">= 10"
      }
    },
    "node_modules/@next/swc-darwin-x64": {
      "version": "12.2.3-canary.12",
      "resolved": "https://registry.npmjs.org/@next/swc-darwin-x64/-/swc-darwin-x64-12.2.3-canary.12.tgz",
      "integrity": "sha512-09yt0M31IoIcuNeCgqYM58Gl5IriG/wEkMi4+Qb2d7sv8160Fapo72OROGXIH8dE5Jdnoh/oGLmJ2TACW1jMnQ==",
      "cpu": [
        "x64"
      ],
      "optional": true,
      "os": [
        "darwin"
      ],
      "engines": {
        "node": ">= 10"
      }
    },
    "node_modules/@next/swc-freebsd-x64": {
      "version": "12.2.3-canary.12",
      "resolved": "https://registry.npmjs.org/@next/swc-freebsd-x64/-/swc-freebsd-x64-12.2.3-canary.12.tgz",
      "integrity": "sha512-BaT2vxlJc+JsLOgD6hBVsMvC181F4wkOs7oE6ILagTCTp2SFe04zaY7P4VWZGyKH0ELQS2DWpn0b/NZn0h8Jcw==",
      "cpu": [
        "x64"
      ],
      "optional": true,
      "os": [
        "freebsd"
      ],
      "engines": {
        "node": ">= 10"
      }
    },
    "node_modules/@next/swc-linux-arm-gnueabihf": {
      "version": "12.2.3-canary.12",
      "resolved": "https://registry.npmjs.org/@next/swc-linux-arm-gnueabihf/-/swc-linux-arm-gnueabihf-12.2.3-canary.12.tgz",
      "integrity": "sha512-6LeH7EPsDuxOCh/DOjbfeqb/ijVXSgTCITUGKQ3Rz3qfJboDoaqeTCr1Jv0N8LyXc25cKEOZ7ohHqp7fj99ADA==",
      "cpu": [
        "arm"
      ],
      "optional": true,
      "os": [
        "linux"
      ],
      "engines": {
        "node": ">= 10"
      }
    },
    "node_modules/@next/swc-linux-arm64-gnu": {
      "version": "12.2.3-canary.12",
      "resolved": "https://registry.npmjs.org/@next/swc-linux-arm64-gnu/-/swc-linux-arm64-gnu-12.2.3-canary.12.tgz",
      "integrity": "sha512-GLWvb4GgVRO02BT1n+k/6w9i43t/B5FbvqBgo2zeCH5piSy5zjPNMwSDJrK7Ntk0xtLOWq6RhwHy67hyAv4oqg==",
      "cpu": [
        "arm64"
      ],
      "optional": true,
      "os": [
        "linux"
      ],
      "engines": {
        "node": ">= 10"
      }
    },
    "node_modules/@next/swc-linux-arm64-musl": {
      "version": "12.2.3-canary.12",
      "resolved": "https://registry.npmjs.org/@next/swc-linux-arm64-musl/-/swc-linux-arm64-musl-12.2.3-canary.12.tgz",
      "integrity": "sha512-M4XIkH3QDm+/V/hO9nCfikprpqf0gORAtJxAT0qUFOqkh/ICBBtTujIJWAW6BPxucq+4FGqR8AZkMOKGCYQ/PA==",
      "cpu": [
        "arm64"
      ],
      "optional": true,
      "os": [
        "linux"
      ],
      "engines": {
        "node": ">= 10"
      }
    },
    "node_modules/@next/swc-linux-x64-gnu": {
      "version": "12.2.3-canary.12",
      "resolved": "https://registry.npmjs.org/@next/swc-linux-x64-gnu/-/swc-linux-x64-gnu-12.2.3-canary.12.tgz",
      "integrity": "sha512-UDx5k++Z2tKrMQNaI//vdqj1sYnLty/H6VEdmAC5CfRn3zR9plmqmmlejNaOHuNO7gjfqraxWkQ8TWmZ9NNWtw==",
      "cpu": [
        "x64"
      ],
      "optional": true,
      "os": [
        "linux"
      ],
      "engines": {
        "node": ">= 10"
      }
    },
    "node_modules/@next/swc-linux-x64-musl": {
      "version": "12.2.3-canary.12",
      "resolved": "https://registry.npmjs.org/@next/swc-linux-x64-musl/-/swc-linux-x64-musl-12.2.3-canary.12.tgz",
      "integrity": "sha512-RYq24aUM1Im95Ne/P4Ve8LMfpv2J9ZxYjdWO14Yx1PlOkIZm8cim6RWODp3MelDurqnsbQETBAtNu/mGQqfOOg==",
      "cpu": [
        "x64"
      ],
      "optional": true,
      "os": [
        "linux"
      ],
      "engines": {
        "node": ">= 10"
      }
    },
    "node_modules/@next/swc-win32-arm64-msvc": {
      "version": "12.2.3-canary.12",
      "resolved": "https://registry.npmjs.org/@next/swc-win32-arm64-msvc/-/swc-win32-arm64-msvc-12.2.3-canary.12.tgz",
      "integrity": "sha512-CRDL3IFBeBtrV+UHfGOYuH+BKSME0TyGKL6iHxJy216yEY9z42e1r0r3fl1u9TmqpCWqg8XK91AjbAcoxlbaEg==",
      "cpu": [
        "arm64"
      ],
      "optional": true,
      "os": [
        "win32"
      ],
      "engines": {
        "node": ">= 10"
      }
    },
    "node_modules/@next/swc-win32-ia32-msvc": {
      "version": "12.2.3-canary.12",
      "resolved": "https://registry.npmjs.org/@next/swc-win32-ia32-msvc/-/swc-win32-ia32-msvc-12.2.3-canary.12.tgz",
      "integrity": "sha512-hS6MSy+a836+4szYx+oHkpO3dkvSE2+LIuXe9psjpi9igJemVhTsut1QGKTJNzePHmXSE414i1Xsb7CFqMtNgw==",
      "cpu": [
        "ia32"
      ],
      "optional": true,
      "os": [
        "win32"
      ],
      "engines": {
        "node": ">= 10"
      }
    },
    "node_modules/@next/swc-win32-x64-msvc": {
      "version": "12.2.3-canary.12",
      "resolved": "https://registry.npmjs.org/@next/swc-win32-x64-msvc/-/swc-win32-x64-msvc-12.2.3-canary.12.tgz",
      "integrity": "sha512-yKpJWfqEpSG8FPubawemerIYaBl9N5qekQUZJ0M6LbHGWH0QUTTMKF4qrepN68plHeeSq6cO0Gm3eFcth2dH4g==",
      "cpu": [
        "x64"
      ],
      "optional": true,
      "os": [
        "win32"
      ],
      "engines": {
        "node": ">= 10"
      }
    },
    "node_modules/@swc/helpers": {
      "version": "0.4.3",
      "resolved": "https://registry.npmjs.org/@swc/helpers/-/helpers-0.4.3.tgz",
      "integrity": "sha512-6JrF+fdUK2zbGpJIlN7G3v966PQjyx/dPt1T9km2wj+EUBqgrxCk3uX4Kct16MIm9gGxfKRcfax2hVf5jvlTzA==",
      "dependencies": {
        "tslib": "^2.4.0"
      }
    },
    "node_modules/caniuse-lite": {
      "version": "1.0.30001367",
      "resolved": "https://registry.npmjs.org/caniuse-lite/-/caniuse-lite-1.0.30001367.tgz",
      "integrity": "sha512-XDgbeOHfifWV3GEES2B8rtsrADx4Jf+juKX2SICJcaUhjYBO3bR96kvEIHa15VU6ohtOhBZuPGGYGbXMRn0NCw==",
      "funding": [
        {
          "type": "opencollective",
          "url": "https://opencollective.com/browserslist"
        },
        {
          "type": "tidelift",
          "url": "https://tidelift.com/funding/github/npm/caniuse-lite"
        }
      ]
    },
    "node_modules/js-tokens": {
      "version": "4.0.0",
      "resolved": "https://registry.npmjs.org/js-tokens/-/js-tokens-4.0.0.tgz",
      "integrity": "sha512-RdJUflcE3cUzKiMqQgsCu06FPu9UdIJO0beYbPhHN4k6apgJtifcoCtT9bcxOpYBtpD2kCM6Sbzg4CausW/PKQ=="
    },
    "node_modules/loose-envify": {
      "version": "1.4.0",
      "resolved": "https://registry.npmjs.org/loose-envify/-/loose-envify-1.4.0.tgz",
      "integrity": "sha512-lyuxPGr/Wfhrlem2CL/UcnUc1zcqKAImBDzukY7Y5F/yQiNdko6+fRLevlw1HgMySw7f611UIY408EtxRSoK3Q==",
      "dependencies": {
        "js-tokens": "^3.0.0 || ^4.0.0"
      },
      "bin": {
        "loose-envify": "cli.js"
      }
    },
    "node_modules/nanoid": {
      "version": "3.3.4",
      "resolved": "https://registry.npmjs.org/nanoid/-/nanoid-3.3.4.tgz",
      "integrity": "sha512-MqBkQh/OHTS2egovRtLk45wEyNXwF+cokD+1YPf9u5VfJiRdAiRwB2froX5Co9Rh20xs4siNPm8naNotSD6RBw==",
      "bin": {
        "nanoid": "bin/nanoid.cjs"
      },
      "engines": {
        "node": "^10 || ^12 || ^13.7 || ^14 || >=15.0.1"
      }
    },
    "node_modules/next": {
      "version": "12.2.3-canary.12",
      "resolved": "https://registry.npmjs.org/next/-/next-12.2.3-canary.12.tgz",
      "integrity": "sha512-yfd63bsKZdnSGp8hegCvgkJHALqgyHHsEEcVN3F7KOfSJTmzWiuQlo4hwPE3uwILqTrLXvdahjzM6tGmxOMd6g==",
      "dependencies": {
        "@next/env": "12.2.3-canary.12",
        "@swc/helpers": "0.4.3",
        "caniuse-lite": "^1.0.30001332",
        "postcss": "8.4.14",
        "styled-jsx": "5.0.2",
        "use-sync-external-store": "1.2.0"
      },
      "bin": {
        "next": "dist/bin/next"
      },
      "engines": {
        "node": ">=12.22.0"
      },
      "optionalDependencies": {
        "@next/swc-android-arm-eabi": "12.2.3-canary.12",
        "@next/swc-android-arm64": "12.2.3-canary.12",
        "@next/swc-darwin-arm64": "12.2.3-canary.12",
        "@next/swc-darwin-x64": "12.2.3-canary.12",
        "@next/swc-freebsd-x64": "12.2.3-canary.12",
        "@next/swc-linux-arm-gnueabihf": "12.2.3-canary.12",
        "@next/swc-linux-arm64-gnu": "12.2.3-canary.12",
        "@next/swc-linux-arm64-musl": "12.2.3-canary.12",
        "@next/swc-linux-x64-gnu": "12.2.3-canary.12",
        "@next/swc-linux-x64-musl": "12.2.3-canary.12",
        "@next/swc-win32-arm64-msvc": "12.2.3-canary.12",
        "@next/swc-win32-ia32-msvc": "12.2.3-canary.12",
        "@next/swc-win32-x64-msvc": "12.2.3-canary.12"
      },
      "peerDependencies": {
        "fibers": ">= 3.1.0",
        "node-sass": "^6.0.0 || ^7.0.0",
        "react": "^17.0.2 || ^18.0.0-0",
        "react-dom": "^17.0.2 || ^18.0.0-0",
        "sass": "^1.3.0"
      },
      "peerDependenciesMeta": {
        "fibers": {
          "optional": true
        },
        "node-sass": {
          "optional": true
        },
        "sass": {
          "optional": true
        }
      }
    },
    "node_modules/picocolors": {
      "version": "1.0.0",
      "resolved": "https://registry.npmjs.org/picocolors/-/picocolors-1.0.0.tgz",
      "integrity": "sha512-1fygroTLlHu66zi26VoTDv8yRgm0Fccecssto+MhsZ0D/DGW2sm8E8AjW7NU5VVTRt5GxbeZ5qBuJr+HyLYkjQ=="
    },
    "node_modules/postcss": {
      "version": "8.4.14",
      "resolved": "https://registry.npmjs.org/postcss/-/postcss-8.4.14.tgz",
      "integrity": "sha512-E398TUmfAYFPBSdzgeieK2Y1+1cpdxJx8yXbK/m57nRhKSmk1GB2tO4lbLBtlkfPQTDKfe4Xqv1ASWPpayPEig==",
      "funding": [
        {
          "type": "opencollective",
          "url": "https://opencollective.com/postcss/"
        },
        {
          "type": "tidelift",
          "url": "https://tidelift.com/funding/github/npm/postcss"
        }
      ],
      "dependencies": {
        "nanoid": "^3.3.4",
        "picocolors": "^1.0.0",
        "source-map-js": "^1.0.2"
      },
      "engines": {
        "node": "^10 || ^12 || >=14"
      }
    },
    "node_modules/react": {
      "version": "18.2.0",
      "resolved": "https://registry.npmjs.org/react/-/react-18.2.0.tgz",
      "integrity": "sha512-/3IjMdb2L9QbBdWiW5e3P2/npwMBaU9mHCSCUzNln0ZCYbcfTsGbTJrU/kGemdH2IWmB2ioZ+zkxtmq6g09fGQ==",
      "dependencies": {
        "loose-envify": "^1.1.0"
      },
      "engines": {
        "node": ">=0.10.0"
      }
    },
    "node_modules/react-dom": {
      "version": "18.2.0",
      "resolved": "https://registry.npmjs.org/react-dom/-/react-dom-18.2.0.tgz",
      "integrity": "sha512-6IMTriUmvsjHUjNtEDudZfuDQUoWXVxKHhlEGSk81n4YFS+r/Kl99wXiwlVXtPBtJenozv2P+hxDsw9eA7Xo6g==",
      "dependencies": {
        "loose-envify": "^1.1.0",
        "scheduler": "^0.23.0"
      },
      "peerDependencies": {
        "react": "^18.2.0"
      }
    },
    "node_modules/scheduler": {
      "version": "0.23.0",
      "resolved": "https://registry.npmjs.org/scheduler/-/scheduler-0.23.0.tgz",
      "integrity": "sha512-CtuThmgHNg7zIZWAXi3AsyIzA3n4xx7aNyjwC2VJldO2LMVDhFK+63xGqq6CsJH4rTAt6/M+N4GhZiDYPx9eUw==",
      "dependencies": {
        "loose-envify": "^1.1.0"
      }
    },
    "node_modules/source-map-js": {
      "version": "1.0.2",
      "resolved": "https://registry.npmjs.org/source-map-js/-/source-map-js-1.0.2.tgz",
      "integrity": "sha512-R0XvVJ9WusLiqTCEiGCmICCMplcCkIwwR11mOSD9CR5u+IXYdiseeEuXCVAjS54zqwkLcPNnmU4OeJ6tUrWhDw==",
      "engines": {
        "node": ">=0.10.0"
      }
    },
    "node_modules/styled-jsx": {
      "version": "5.0.2",
      "resolved": "https://registry.npmjs.org/styled-jsx/-/styled-jsx-5.0.2.tgz",
      "integrity": "sha512-LqPQrbBh3egD57NBcHET4qcgshPks+yblyhPlH2GY8oaDgKs8SK4C3dBh3oSJjgzJ3G5t1SYEZGHkP+QEpX9EQ==",
      "engines": {
        "node": ">= 12.0.0"
      },
      "peerDependencies": {
        "react": ">= 16.8.0 || 17.x.x || ^18.0.0-0"
      },
      "peerDependenciesMeta": {
        "@babel/core": {
          "optional": true
        },
        "babel-plugin-macros": {
          "optional": true
        }
      }
    },
    "node_modules/tslib": {
      "version": "2.4.0",
      "resolved": "https://registry.npmjs.org/tslib/-/tslib-2.4.0.tgz",
      "integrity": "sha512-d6xOpEDfsi2CZVlPQzGeux8XMwLT9hssAsaPYExaQMuYskwb+x1x7J371tWlbBdWHroy99KnVB6qIkUbs5X3UQ=="
    },
    "node_modules/use-sync-external-store": {
      "version": "1.2.0",
      "resolved": "https://registry.npmjs.org/use-sync-external-store/-/use-sync-external-store-1.2.0.tgz",
      "integrity": "sha512-eEgnFxGQ1Ife9bzYs6VLi8/4X6CObHMw9Qr9tPY43iKwsPw8xE8+EFsf/2cFZ5S3esXgpWgtSCtLNS41F+sKPA==",
      "peerDependencies": {
        "react": "^16.8.0 || ^17.0.0 || ^18.0.0"
      }
    }
  },
  "dependencies": {
    "@next/env": {
      "version": "12.2.3-canary.12",
      "resolved": "https://registry.npmjs.org/@next/env/-/env-12.2.3-canary.12.tgz",
      "integrity": "sha512-BGhjTzE2pY3YYDToO2vkGNF5XT8x4Hj6i7Z575XNvpz7SnVrnDGYNDAPGfOR/+RDgC4XFb+JAIZMmZnQaWYAhA=="
    },
    "@next/swc-android-arm-eabi": {
      "version": "12.2.3-canary.12",
      "resolved": "https://registry.npmjs.org/@next/swc-android-arm-eabi/-/swc-android-arm-eabi-12.2.3-canary.12.tgz",
      "integrity": "sha512-lX9B21hb4rmj1N/hMlHTZ4KTJinfCs86/RjCEPx89YVu0xZkgb5swBWWh550NCvalFbHDIxs3CmH5/DekwE9Jw==",
      "optional": true
    },
    "@next/swc-android-arm64": {
      "version": "12.2.3-canary.12",
      "resolved": "https://registry.npmjs.org/@next/swc-android-arm64/-/swc-android-arm64-12.2.3-canary.12.tgz",
      "integrity": "sha512-NEUV48t/3E/MfxmuZYjodgHZjjv1oiLGRfPCtG+5LfHEGjyWOHiG86nRix3F00vuSEptAqB227r53qxT2ZzIeQ==",
      "optional": true
    },
    "@next/swc-darwin-arm64": {
      "version": "12.2.3-canary.12",
      "resolved": "https://registry.npmjs.org/@next/swc-darwin-arm64/-/swc-darwin-arm64-12.2.3-canary.12.tgz",
      "integrity": "sha512-+1q/s6SwgcQ6A/4QoiT+Z1wPG3vBw7BKTRreQn3dfljEbV6f24oMVAvSp0XdzEgFa9P9iqRX1JdkpVcVs6w8Bw==",
      "optional": true
    },
    "@next/swc-darwin-x64": {
      "version": "12.2.3-canary.12",
      "resolved": "https://registry.npmjs.org/@next/swc-darwin-x64/-/swc-darwin-x64-12.2.3-canary.12.tgz",
      "integrity": "sha512-09yt0M31IoIcuNeCgqYM58Gl5IriG/wEkMi4+Qb2d7sv8160Fapo72OROGXIH8dE5Jdnoh/oGLmJ2TACW1jMnQ==",
      "optional": true
    },
    "@next/swc-freebsd-x64": {
      "version": "12.2.3-canary.12",
      "resolved": "https://registry.npmjs.org/@next/swc-freebsd-x64/-/swc-freebsd-x64-12.2.3-canary.12.tgz",
      "integrity": "sha512-BaT2vxlJc+JsLOgD6hBVsMvC181F4wkOs7oE6ILagTCTp2SFe04zaY7P4VWZGyKH0ELQS2DWpn0b/NZn0h8Jcw==",
      "optional": true
    },
    "@next/swc-linux-arm-gnueabihf": {
      "version": "12.2.3-canary.12",
      "resolved": "https://registry.npmjs.org/@next/swc-linux-arm-gnueabihf/-/swc-linux-arm-gnueabihf-12.2.3-canary.12.tgz",
      "integrity": "sha512-6LeH7EPsDuxOCh/DOjbfeqb/ijVXSgTCITUGKQ3Rz3qfJboDoaqeTCr1Jv0N8LyXc25cKEOZ7ohHqp7fj99ADA==",
      "optional": true
    },
    "@next/swc-linux-arm64-gnu": {
      "version": "12.2.3-canary.12",
      "resolved": "https://registry.npmjs.org/@next/swc-linux-arm64-gnu/-/swc-linux-arm64-gnu-12.2.3-canary.12.tgz",
      "integrity": "sha512-GLWvb4GgVRO02BT1n+k/6w9i43t/B5FbvqBgo2zeCH5piSy5zjPNMwSDJrK7Ntk0xtLOWq6RhwHy67hyAv4oqg==",
      "optional": true
    },
    "@next/swc-linux-arm64-musl": {
      "version": "12.2.3-canary.12",
      "resolved": "https://registry.npmjs.org/@next/swc-linux-arm64-musl/-/swc-linux-arm64-musl-12.2.3-canary.12.tgz",
      "integrity": "sha512-M4XIkH3QDm+/V/hO9nCfikprpqf0gORAtJxAT0qUFOqkh/ICBBtTujIJWAW6BPxucq+4FGqR8AZkMOKGCYQ/PA==",
      "optional": true
    },
    "@next/swc-linux-x64-gnu": {
      "version": "12.2.3-canary.12",
      "resolved": "https://registry.npmjs.org/@next/swc-linux-x64-gnu/-/swc-linux-x64-gnu-12.2.3-canary.12.tgz",
      "integrity": "sha512-UDx5k++Z2tKrMQNaI//vdqj1sYnLty/H6VEdmAC5CfRn3zR9plmqmmlejNaOHuNO7gjfqraxWkQ8TWmZ9NNWtw==",
      "optional": true
    },
    "@next/swc-linux-x64-musl": {
      "version": "12.2.3-canary.12",
      "resolved": "https://registry.npmjs.org/@next/swc-linux-x64-musl/-/swc-linux-x64-musl-12.2.3-canary.12.tgz",
      "integrity": "sha512-RYq24aUM1Im95Ne/P4Ve8LMfpv2J9ZxYjdWO14Yx1PlOkIZm8cim6RWODp3MelDurqnsbQETBAtNu/mGQqfOOg==",
      "optional": true
    },
    "@next/swc-win32-arm64-msvc": {
      "version": "12.2.3-canary.12",
      "resolved": "https://registry.npmjs.org/@next/swc-win32-arm64-msvc/-/swc-win32-arm64-msvc-12.2.3-canary.12.tgz",
      "integrity": "sha512-CRDL3IFBeBtrV+UHfGOYuH+BKSME0TyGKL6iHxJy216yEY9z42e1r0r3fl1u9TmqpCWqg8XK91AjbAcoxlbaEg==",
      "optional": true
    },
    "@next/swc-win32-ia32-msvc": {
      "version": "12.2.3-canary.12",
      "resolved": "https://registry.npmjs.org/@next/swc-win32-ia32-msvc/-/swc-win32-ia32-msvc-12.2.3-canary.12.tgz",
      "integrity": "sha512-hS6MSy+a836+4szYx+oHkpO3dkvSE2+LIuXe9psjpi9igJemVhTsut1QGKTJNzePHmXSE414i1Xsb7CFqMtNgw==",
      "optional": true
    },
    "@next/swc-win32-x64-msvc": {
      "version": "12.2.3-canary.12",
      "resolved": "https://registry.npmjs.org/@next/swc-win32-x64-msvc/-/swc-win32-x64-msvc-12.2.3-canary.12.tgz",
      "integrity": "sha512-yKpJWfqEpSG8FPubawemerIYaBl9N5qekQUZJ0M6LbHGWH0QUTTMKF4qrepN68plHeeSq6cO0Gm3eFcth2dH4g==",
      "optional": true
    },
    "@swc/helpers": {
      "version": "0.4.3",
      "resolved": "https://registry.npmjs.org/@swc/helpers/-/helpers-0.4.3.tgz",
      "integrity": "sha512-6JrF+fdUK2zbGpJIlN7G3v966PQjyx/dPt1T9km2wj+EUBqgrxCk3uX4Kct16MIm9gGxfKRcfax2hVf5jvlTzA==",
      "requires": {
        "tslib": "^2.4.0"
      }
    },
    "caniuse-lite": {
      "version": "1.0.30001367",
      "resolved": "https://registry.npmjs.org/caniuse-lite/-/caniuse-lite-1.0.30001367.tgz",
      "integrity": "sha512-XDgbeOHfifWV3GEES2B8rtsrADx4Jf+juKX2SICJcaUhjYBO3bR96kvEIHa15VU6ohtOhBZuPGGYGbXMRn0NCw=="
    },
    "js-tokens": {
      "version": "4.0.0",
      "resolved": "https://registry.npmjs.org/js-tokens/-/js-tokens-4.0.0.tgz",
      "integrity": "sha512-RdJUflcE3cUzKiMqQgsCu06FPu9UdIJO0beYbPhHN4k6apgJtifcoCtT9bcxOpYBtpD2kCM6Sbzg4CausW/PKQ=="
    },
    "loose-envify": {
      "version": "1.4.0",
      "resolved": "https://registry.npmjs.org/loose-envify/-/loose-envify-1.4.0.tgz",
      "integrity": "sha512-lyuxPGr/Wfhrlem2CL/UcnUc1zcqKAImBDzukY7Y5F/yQiNdko6+fRLevlw1HgMySw7f611UIY408EtxRSoK3Q==",
      "requires": {
        "js-tokens": "^3.0.0 || ^4.0.0"
      }
    },
    "nanoid": {
      "version": "3.3.4",
      "resolved": "https://registry.npmjs.org/nanoid/-/nanoid-3.3.4.tgz",
      "integrity": "sha512-MqBkQh/OHTS2egovRtLk45wEyNXwF+cokD+1YPf9u5VfJiRdAiRwB2froX5Co9Rh20xs4siNPm8naNotSD6RBw=="
    },
    "next": {
      "version": "12.2.3-canary.12",
      "resolved": "https://registry.npmjs.org/next/-/next-12.2.3-canary.12.tgz",
      "integrity": "sha512-yfd63bsKZdnSGp8hegCvgkJHALqgyHHsEEcVN3F7KOfSJTmzWiuQlo4hwPE3uwILqTrLXvdahjzM6tGmxOMd6g==",
      "requires": {
        "@next/env": "12.2.3-canary.12",
        "@next/swc-android-arm-eabi": "12.2.3-canary.12",
        "@next/swc-android-arm64": "12.2.3-canary.12",
        "@next/swc-darwin-arm64": "12.2.3-canary.12",
        "@next/swc-darwin-x64": "12.2.3-canary.12",
        "@next/swc-freebsd-x64": "12.2.3-canary.12",
        "@next/swc-linux-arm-gnueabihf": "12.2.3-canary.12",
        "@next/swc-linux-arm64-gnu": "12.2.3-canary.12",
        "@next/swc-linux-arm64-musl": "12.2.3-canary.12",
        "@next/swc-linux-x64-gnu": "12.2.3-canary.12",
        "@next/swc-linux-x64-musl": "12.2.3-canary.12",
        "@next/swc-win32-arm64-msvc": "12.2.3-canary.12",
        "@next/swc-win32-ia32-msvc": "12.2.3-canary.12",
        "@next/swc-win32-x64-msvc": "12.2.3-canary.12",
        "@swc/helpers": "0.4.3",
        "caniuse-lite": "^1.0.30001332",
        "postcss": "8.4.14",
        "styled-jsx": "5.0.2",
        "use-sync-external-store": "1.2.0"
      }
    },
    "picocolors": {
      "version": "1.0.0",
      "resolved": "https://registry.npmjs.org/picocolors/-/picocolors-1.0.0.tgz",
      "integrity": "sha512-1fygroTLlHu66zi26VoTDv8yRgm0Fccecssto+MhsZ0D/DGW2sm8E8AjW7NU5VVTRt5GxbeZ5qBuJr+HyLYkjQ=="
    },
    "postcss": {
      "version": "8.4.14",
      "resolved": "https://registry.npmjs.org/postcss/-/postcss-8.4.14.tgz",
      "integrity": "sha512-E398TUmfAYFPBSdzgeieK2Y1+1cpdxJx8yXbK/m57nRhKSmk1GB2tO4lbLBtlkfPQTDKfe4Xqv1ASWPpayPEig==",
      "requires": {
        "nanoid": "^3.3.4",
        "picocolors": "^1.0.0",
        "source-map-js": "^1.0.2"
      }
    },
    "react": {
      "version": "18.2.0",
      "resolved": "https://registry.npmjs.org/react/-/react-18.2.0.tgz",
      "integrity": "sha512-/3IjMdb2L9QbBdWiW5e3P2/npwMBaU9mHCSCUzNln0ZCYbcfTsGbTJrU/kGemdH2IWmB2ioZ+zkxtmq6g09fGQ==",
      "requires": {
        "loose-envify": "^1.1.0"
      }
    },
    "react-dom": {
      "version": "18.2.0",
      "resolved": "https://registry.npmjs.org/react-dom/-/react-dom-18.2.0.tgz",
      "integrity": "sha512-6IMTriUmvsjHUjNtEDudZfuDQUoWXVxKHhlEGSk81n4YFS+r/Kl99wXiwlVXtPBtJenozv2P+hxDsw9eA7Xo6g==",
      "requires": {
        "loose-envify": "^1.1.0",
        "scheduler": "^0.23.0"
      }
    },
    "scheduler": {
      "version": "0.23.0",
      "resolved": "https://registry.npmjs.org/scheduler/-/scheduler-0.23.0.tgz",
      "integrity": "sha512-CtuThmgHNg7zIZWAXi3AsyIzA3n4xx7aNyjwC2VJldO2LMVDhFK+63xGqq6CsJH4rTAt6/M+N4GhZiDYPx9eUw==",
      "requires": {
        "loose-envify": "^1.1.0"
      }
    },
    "source-map-js": {
      "version": "1.0.2",
      "resolved": "https://registry.npmjs.org/source-map-js/-/source-map-js-1.0.2.tgz",
      "integrity": "sha512-R0XvVJ9WusLiqTCEiGCmICCMplcCkIwwR11mOSD9CR5u+IXYdiseeEuXCVAjS54zqwkLcPNnmU4OeJ6tUrWhDw=="
    },
    "styled-jsx": {
      "version": "5.0.2",
      "resolved": "https://registry.npmjs.org/styled-jsx/-/styled-jsx-5.0.2.tgz",
      "integrity": "sha512-LqPQrbBh3egD57NBcHET4qcgshPks+yblyhPlH2GY8oaDgKs8SK4C3dBh3oSJjgzJ3G5t1SYEZGHkP+QEpX9EQ==",
      "requires": {}
    },
    "tslib": {
      "version": "2.4.0",
      "resolved": "https://registry.npmjs.org/tslib/-/tslib-2.4.0.tgz",
      "integrity": "sha512-d6xOpEDfsi2CZVlPQzGeux8XMwLT9hssAsaPYExaQMuYskwb+x1x7J371tWlbBdWHroy99KnVB6qIkUbs5X3UQ=="
    },
    "use-sync-external-store": {
      "version": "1.2.0",
      "resolved": "https://registry.npmjs.org/use-sync-external-store/-/use-sync-external-store-1.2.0.tgz",
      "integrity": "sha512-eEgnFxGQ1Ife9bzYs6VLi8/4X6CObHMw9Qr9tPY43iKwsPw8xE8+EFsf/2cFZ5S3esXgpWgtSCtLNS41F+sKPA==",
      "requires": {}
    }
  }
}
